
Microsoft Visual Studio Solution File, Format Version 12.00
# Visual Studio Version 17
VisualStudioVersion = 17.11.35222.181
MinimumVisualStudioVersion = 10.0.40219.1
Project("{FAE04EC0-301F-11D3-BF4B-00C04F79EFBC}") = "QLCHQUANAO.GUI", "QLCHQUANAO\QLCHQUANAO.GUI.csproj", "{0B6EF96F-63E0-4AB1-8171-1741DD6416D2}"
EndProject
Global
	GlobalSection(SolutionConfigurationPlatforms) = preSolution
		Debug|Any CPU = Debug|Any CPU
		Release|Any CPU = Release|Any CPU
	EndGlobalSection
	GlobalSection(ProjectConfigurationPlatforms) = postSolution
		{0B6EF96F-63E0-4AB1-8171-1741DD6416D2}.Debug|Any CPU.ActiveCfg = Debug|Any CPU
		{0B6EF96F-63E0-4AB1-8171-1741DD6416D2}.Debug|Any CPU.Build.0 = Debug|Any CPU
		{0B6EF96F-63E0-4AB1-8171-1741DD6416D2}.Release|Any CPU.ActiveCfg = Release|Any CPU
		{0B6EF96F-63E0-4AB1-8171-1741DD6416D2}.Release|Any CPU.Build.0 = Release|Any CPU
	EndGlobalSection
	GlobalSection(SolutionProperties) = preSolution
		HideSolutionNode = FALSE
	EndGlobalSection
	GlobalSection(ExtensibilityGlobals) = postSolution
		SolutionGuid = {52E58908-937E-42A9-B45D-1439054FE828}
	EndGlobalSection
EndGlobal
